
Microsoft Visual Studio Solution File, Format Version 12.00
# Visual Studio Version 17
VisualStudioVersion = 17.14.37710.0 d17.14
MinimumVisualStudioVersion = 10.0.40219.1
Project("{FAE04EC0-301F-11D3-BF4B-00C04F79EFBC}") = "calculator", "calculator\calculator.csproj", "{0756C5DC-E5C6-4B6F-8E9E-F602EC179465}"
EndProject
Global
	GlobalSection(SolutionConfigurationPlatforms) = preSolution
		Debug|Any CPU = Debug|Any CPU
		Release|Any CPU = Release|Any CPU
	EndGlobalSection
	GlobalSection(ProjectConfigurationPlatforms) = postSolution
		{0756C5DC-E5C6-4B6F-8E9E-F602EC179465}.Debug|Any CPU.ActiveCfg = Debug|Any CPU
		{0756C5DC-E5C6-4B6F-8E9E-F602EC179465}.Debug|Any CPU.Build.0 = Debug|Any CPU
		{0756C5DC-E5C6-4B6F-8E9E-F602EC179465}.Release|Any CPU.ActiveCfg = Release|Any CPU
		{0756C5DC-E5C6-4B6F-8E9E-F602EC179465}.Release|Any CPU.Build.0 = Release|Any CPU
	EndGlobalSection
	GlobalSection(SolutionProperties) = preSolution
		HideSolutionNode = FALSE
	EndGlobalSection
	GlobalSection(ExtensibilityGlobals) = postSolution
		SolutionGuid = {45B349FF-12F7-4A15-9852-F8E1491DB645}
	EndGlobalSection
EndGlobal
